# This file was autogenerated by uv via the following command:
#    uv pip compile requirements.txt -o uv.lock
annotated-types==0.7.0
    # via
    #   -r requirements.txt
    #   pydantic
anyio==4.8.0
    # via
    #   -r requirements.txt
    #   google-genai
    #   httpx
    #   mcp
    #   sse-starlette
    #   starlette
beautifulsoup4==4.13.3
    # via
    #   -r requirements.txt
    #   google
cachetools==5.5.2
    # via
    #   -r requirements.txt
    #   google-auth
certifi==2025.1.31
    # via
    #   -r requirements.txt
    #   httpcore
    #   httpx
    #   requests
charset-normalizer==3.4.1
    # via
    #   -r requirements.txt
    #   requests
click==8.1.8
    # via
    #   -r requirements.txt
    #   typer
    #   uvicorn
google==3.0.0
    # via -r requirements.txt
google-auth==2.38.0
    # via
    #   -r requirements.txt
    #   google-genai
google-genai==1.5.0
    # via -r requirements.txt
h11==0.14.0
    # via
    #   -r requirements.txt
    #   httpcore
    #   uvicorn
httpcore==1.0.7
    # via
    #   -r requirements.txt
    #   httpx
httpx==0.28.1
    # via
    #   -r requirements.txt
    #   google-genai
    #   mcp
httpx-sse==0.4.0
    # via
    #   -r requirements.txt
    #   mcp
idna==3.10
    # via
    #   -r requirements.txt
    #   anyio
    #   httpx
    #   requests
markdown-it-py==3.0.0
    # via
    #   -r requirements.txt
    #   rich
mcp==1.4.1
    # via -r requirements.txt
mdurl==0.1.2
    # via
    #   -r requirements.txt
    #   markdown-it-py
pillow==11.1.0
    # via -r requirements.txt
pyasn1==0.6.1
    # via
    #   -r requirements.txt
    #   pyasn1-modules
    #   rsa
pyasn1-modules==0.4.1
    # via
    #   -r requirements.txt
    #   google-auth
pydantic==2.10.6
    # via
    #   -r requirements.txt
    #   google-genai
    #   mcp
    #   pydantic-settings
pydantic-core==2.27.2
    # via
    #   -r requirements.txt
    #   pydantic
pydantic-settings==2.8.1
    # via
    #   -r requirements.txt
    #   mcp
pygments==2.19.1
    # via
    #   -r requirements.txt
    #   rich
python-dotenv==1.0.1
    # via
    #   -r requirements.txt
    #   pydantic-settings
requests==2.32.3
    # via
    #   -r requirements.txt
    #   google-genai
rich==13.9.4
    # via
    #   -r requirements.txt
    #   typer
rsa==4.9
    # via
    #   -r requirements.txt
    #   google-auth
shellingham==1.5.4
    # via
    #   -r requirements.txt
    #   typer
sniffio==1.3.1
    # via
    #   -r requirements.txt
    #   anyio
soupsieve==2.6
    # via
    #   -r requirements.txt
    #   beautifulsoup4
sse-starlette==2.2.1
    # via
    #   -r requirements.txt
    #   mcp
starlette==0.46.1
    # via
    #   -r requirements.txt
    #   mcp
    #   sse-starlette
typer==0.15.2
    # via -r requirements.txt
typing-extensions==4.12.2
    # via
    #   -r requirements.txt
    #   anyio
    #   beautifulsoup4
    #   google-genai
    #   pydantic
    #   pydantic-core
    #   typer
urllib3==2.3.0
    # via
    #   -r requirements.txt
    #   requests
uvicorn==0.34.0
    # via
    #   -r requirements.txt
    #   mcp
websockets==14.2
    # via
    #   -r requirements.txt
    #   google-genai
